
Microsoft Visual Studio Solution File, Format Version 12.00
# Visual Studio Version 16
VisualStudioVersion = 16.0.31019.35
MinimumVisualStudioVersion = 10.0.40219.1
Project("{8BC9CEB8-8B4A-11D0-8D11-00A0C91BC942}") = "BlueShiftBSPConverter", "BlueShiftBSPConverter\BlueShiftBSPConverter.vcxproj", "{21047884-0295-4E49-98F7-8B334F056F85}"
EndProject
Global
	GlobalSection(SolutionConfigurationPlatforms) = preSolution
		Debug|x64 = Debug|x64
		Debug|x86 = Debug|x86
		Release|x64 = Release|x64
		Release|x86 = Release|x86
	EndGlobalSection
	GlobalSection(ProjectConfigurationPlatforms) = postSolution
		{21047884-0295-4E49-98F7-8B334F056F85}.Debug|x64.ActiveCfg = Debug|x64
		{21047884-0295-4E49-98F7-8B334F056F85}.Debug|x64.Build.0 = Debug|x64
		{21047884-0295-4E49-98F7-8B334F056F85}.Debug|x86.ActiveCfg = Debug|Win32
		{21047884-0295-4E49-98F7-8B334F056F85}.Debug|x86.Build.0 = Debug|Win32
		{21047884-0295-4E49-98F7-8B334F056F85}.Release|x64.ActiveCfg = Release|x64
		{21047884-0295-4E49-98F7-8B334F056F85}.Release|x64.Build.0 = Release|x64
		{21047884-0295-4E49-98F7-8B334F056F85}.Release|x86.ActiveCfg = Release|Win32
		{21047884-0295-4E49-98F7-8B334F056F85}.Release|x86.Build.0 = Release|Win32
	EndGlobalSection
	GlobalSection(SolutionProperties) = preSolution
		HideSolutionNode = FALSE
	EndGlobalSection
	GlobalSection(ExtensibilityGlobals) = postSolution
		SolutionGuid = {50836ABE-5C38-4909-BEEA-DAF16873448B}
	EndGlobalSection
EndGlobal
